
Microsoft Visual Studio Solution File, Format Version 12.00
# Visual Studio Version 17
VisualStudioVersion = 17.4.33110.190
MinimumVisualStudioVersion = 10.0.40219.1
Project("{FAE04EC0-301F-11D3-BF4B-00C04F79EFBC}") = "ConsoleApp", "ConsoleApp\ConsoleApp.csproj", "{8A3DC1B1-2F28-4DEC-8D2F-2E2EDD01CE1A}"
EndProject
Global
	GlobalSection(SolutionConfigurationPlatforms) = preSolution
		Debug|Any CPU = Debug|Any CPU
		Release|Any CPU = Release|Any CPU
	EndGlobalSection
	GlobalSection(ProjectConfigurationPlatforms) = postSolution
		{8A3DC1B1-2F28-4DEC-8D2F-2E2EDD01CE1A}.Debug|Any CPU.ActiveCfg = Debug|Any CPU
		{8A3DC1B1-2F28-4DEC-8D2F-2E2EDD01CE1A}.Debug|Any CPU.Build.0 = Debug|Any CPU
		{8A3DC1B1-2F28-4DEC-8D2F-2E2EDD01CE1A}.Release|Any CPU.ActiveCfg = Release|Any CPU
		{8A3DC1B1-2F28-4DEC-8D2F-2E2EDD01CE1A}.Release|Any CPU.Build.0 = Release|Any CPU
	EndGlobalSection
	GlobalSection(SolutionProperties) = preSolution
		HideSolutionNode = FALSE
	EndGlobalSection
	GlobalSection(ExtensibilityGlobals) = postSolution
		SolutionGuid = {DECBD66A-4AA5-4319-8E20-2076372E8FCE}
	EndGlobalSection
EndGlobal
